Microsoft Visual Studio Solution File, Format Version 12.00
# Visual Studio 2013
Project("{8BC9CEB8-8B4A-11D0-8D11-00A0C91BC942}") = "ALL_BUILD", "ALL_BUILD.vcxproj", "{2AC31A88-2597-31B7-93C9-2409DA4D9D0A}"
	ProjectSection(ProjectDependencies) = postProject
		{39F1B6B1-26B6-3AA5-AA93-FA362566DD0B} = {39F1B6B1-26B6-3AA5-AA93-FA362566DD0B}
		{892C8CDD-8C78-3B23-BDA7-C284890A29ED} = {892C8CDD-8C78-3B23-BDA7-C284890A29ED}
		{EEBF9511-F25D-3A71-8A83-8E9D14099F8D} = {EEBF9511-F25D-3A71-8A83-8E9D14099F8D}
		{11F2672E-8790-3225-8F07-1E3676B526C6} = {11F2672E-8790-3225-8F07-1E3676B526C6}
		{C1AA4E00-A975-3C93-820C-7D61941C4E63} = {C1AA4E00-A975-3C93-820C-7D61941C4E63}
		{525FDF84-F489-3D3D-BAA2-0F42A557736E} = {525FDF84-F489-3D3D-BAA2-0F42A557736E}
	EndProjectSection
EndProject
Project("{8BC9CEB8-8B4A-11D0-8D11-00A0C91BC942}") = "ZERO_CHECK", "ZERO_CHECK.vcxproj", "{39F1B6B1-26B6-3AA5-AA93-FA362566DD0B}"
	ProjectSection(ProjectDependencies) = postProject
	EndProjectSection
EndProject
Project("{8BC9CEB8-8B4A-11D0-8D11-00A0C91BC942}") = "dmlccore", "dmlc-core\dmlccore.vcxproj", "{892C8CDD-8C78-3B23-BDA7-C284890A29ED}"
	ProjectSection(ProjectDependencies) = postProject
		{39F1B6B1-26B6-3AA5-AA93-FA362566DD0B} = {39F1B6B1-26B6-3AA5-AA93-FA362566DD0B}
	EndProjectSection
EndProject
Project("{8BC9CEB8-8B4A-11D0-8D11-00A0C91BC942}") = "dmlccore_lint", "dmlc-core\dmlccore_lint.vcxproj", "{60907792-A3D4-36EE-AEB7-B2D1F1B50961}"
	ProjectSection(ProjectDependencies) = postProject
		{39F1B6B1-26B6-3AA5-AA93-FA362566DD0B} = {39F1B6B1-26B6-3AA5-AA93-FA362566DD0B}
	EndProjectSection
EndProject
Project("{8BC9CEB8-8B4A-11D0-8D11-00A0C91BC942}") = "objxgboost", "objxgboost.vcxproj", "{EEBF9511-F25D-3A71-8A83-8E9D14099F8D}"
	ProjectSection(ProjectDependencies) = postProject
		{39F1B6B1-26B6-3AA5-AA93-FA362566DD0B} = {39F1B6B1-26B6-3AA5-AA93-FA362566DD0B}
	EndProjectSection
EndProject
Project("{8BC9CEB8-8B4A-11D0-8D11-00A0C91BC942}") = "rabit", "rabit.vcxproj", "{11F2672E-8790-3225-8F07-1E3676B526C6}"
	ProjectSection(ProjectDependencies) = postProject
		{39F1B6B1-26B6-3AA5-AA93-FA362566DD0B} = {39F1B6B1-26B6-3AA5-AA93-FA362566DD0B}
	EndProjectSection
EndProject
Project("{8BC9CEB8-8B4A-11D0-8D11-00A0C91BC942}") = "runxgboost", "runxgboost.vcxproj", "{C1AA4E00-A975-3C93-820C-7D61941C4E63}"
	ProjectSection(ProjectDependencies) = postProject
		{39F1B6B1-26B6-3AA5-AA93-FA362566DD0B} = {39F1B6B1-26B6-3AA5-AA93-FA362566DD0B}
		{892C8CDD-8C78-3B23-BDA7-C284890A29ED} = {892C8CDD-8C78-3B23-BDA7-C284890A29ED}
		{EEBF9511-F25D-3A71-8A83-8E9D14099F8D} = {EEBF9511-F25D-3A71-8A83-8E9D14099F8D}
		{11F2672E-8790-3225-8F07-1E3676B526C6} = {11F2672E-8790-3225-8F07-1E3676B526C6}
	EndProjectSection
EndProject
Project("{8BC9CEB8-8B4A-11D0-8D11-00A0C91BC942}") = "xgboost", "xgboost.vcxproj", "{525FDF84-F489-3D3D-BAA2-0F42A557736E}"
	ProjectSection(ProjectDependencies) = postProject
		{39F1B6B1-26B6-3AA5-AA93-FA362566DD0B} = {39F1B6B1-26B6-3AA5-AA93-FA362566DD0B}
		{892C8CDD-8C78-3B23-BDA7-C284890A29ED} = {892C8CDD-8C78-3B23-BDA7-C284890A29ED}
		{EEBF9511-F25D-3A71-8A83-8E9D14099F8D} = {EEBF9511-F25D-3A71-8A83-8E9D14099F8D}
		{11F2672E-8790-3225-8F07-1E3676B526C6} = {11F2672E-8790-3225-8F07-1E3676B526C6}
		{C1AA4E00-A975-3C93-820C-7D61941C4E63} = {C1AA4E00-A975-3C93-820C-7D61941C4E63}
	EndProjectSection
EndProject
Global
	GlobalSection(SolutionConfigurationPlatforms) = preSolution
		Release|x64 = Release|x64
	EndGlobalSection
	GlobalSection(ProjectConfigurationPlatforms) = postSolution
		{2AC31A88-2597-31B7-93C9-2409DA4D9D0A}.Release|x64.ActiveCfg = Release|x64
		{39F1B6B1-26B6-3AA5-AA93-FA362566DD0B}.Release|x64.ActiveCfg = Release|x64
		{39F1B6B1-26B6-3AA5-AA93-FA362566DD0B}.Release|x64.Build.0 = Release|x64
		{892C8CDD-8C78-3B23-BDA7-C284890A29ED}.Release|x64.ActiveCfg = Release|x64
		{892C8CDD-8C78-3B23-BDA7-C284890A29ED}.Release|x64.Build.0 = Release|x64
		{60907792-A3D4-36EE-AEB7-B2D1F1B50961}.Release|x64.ActiveCfg = Release|x64
		{EEBF9511-F25D-3A71-8A83-8E9D14099F8D}.Release|x64.ActiveCfg = Release|x64
		{EEBF9511-F25D-3A71-8A83-8E9D14099F8D}.Release|x64.Build.0 = Release|x64
		{11F2672E-8790-3225-8F07-1E3676B526C6}.Release|x64.ActiveCfg = Release|x64
		{11F2672E-8790-3225-8F07-1E3676B526C6}.Release|x64.Build.0 = Release|x64
		{C1AA4E00-A975-3C93-820C-7D61941C4E63}.Release|x64.ActiveCfg = Release|x64
		{C1AA4E00-A975-3C93-820C-7D61941C4E63}.Release|x64.Build.0 = Release|x64
		{525FDF84-F489-3D3D-BAA2-0F42A557736E}.Release|x64.ActiveCfg = Release|x64
		{525FDF84-F489-3D3D-BAA2-0F42A557736E}.Release|x64.Build.0 = Release|x64
	EndGlobalSection
	GlobalSection(ExtensibilityGlobals) = postSolution
		SolutionGuid = {F59FD1D0-1288-3EDD-85CD-752A15847785}
	EndGlobalSection
	GlobalSection(ExtensibilityAddIns) = postSolution
	EndGlobalSection
EndGlobal
